
Microsoft Visual Studio Solution File, Format Version 12.00
# Visual Studio Version 16
VisualStudioVersion = 16.0.32510.428
MinimumVisualStudioVersion = 10.0.40219.1
Project("{FAE04EC0-301F-11D3-BF4B-00C04F79EFBC}") = "Ability Demo", "Ability Demo\Ability Demo.csproj", "{1A4FE3C1-B753-49EE-8A5E-B80CE285B0AD}"
EndProject
Global
	GlobalSection(SolutionConfigurationPlatforms) = preSolution
		Debug|Any CPU = Debug|Any CPU
		Release|Any CPU = Release|Any CPU
	EndGlobalSection
	GlobalSection(ProjectConfigurationPlatforms) = postSolution
		{1A4FE3C1-B753-49EE-8A5E-B80CE285B0AD}.Debug|Any CPU.ActiveCfg = Debug|Any CPU
		{1A4FE3C1-B753-49EE-8A5E-B80CE285B0AD}.Debug|Any CPU.Build.0 = Debug|Any CPU
		{1A4FE3C1-B753-49EE-8A5E-B80CE285B0AD}.Release|Any CPU.ActiveCfg = Release|Any CPU
		{1A4FE3C1-B753-49EE-8A5E-B80CE285B0AD}.Release|Any CPU.Build.0 = Release|Any CPU
	EndGlobalSection
	GlobalSection(SolutionProperties) = preSolution
		HideSolutionNode = FALSE
	EndGlobalSection
	GlobalSection(ExtensibilityGlobals) = postSolution
		SolutionGuid = {974B3119-2AE1-4DB7-8A0E-D8250537C8D4}
	EndGlobalSection
EndGlobal
